// !$*UTF8*$!
{
	archiveVersion = 1;
	classes = {
	};
	objectVersion = 46;
	objects = {

/* Begin PBXBuildFile section */
		089748651DB70448009F5469 /* AppDelegate.m in Sources */ = {isa = PBXBuildFile; fileRef = 089748641DB70448009F5469 /* AppDelegate.m */; };
		089748681DB70448009F5469 /* main.m in Sources */ = {isa = PBXBuildFile; fileRef = 089748671DB70448009F5469 /* main.m */; };
		0897486A1DB70448009F5469 /* Assets.xcassets in Resources */ = {isa = PBXBuildFile; fileRef = 089748691DB70448009F5469 /* Assets.xcassets */; };
		0897486D1DB70448009F5469 /* MainMenu.xib in Resources */ = {isa = PBXBuildFile; fileRef = 0897486B1DB70448009F5469 /* MainMenu.xib */; };
		089748961DB709A7009F5469 /* SimpleWebLauncher.app in Resources */ = {isa = PBXBuildFile; fileRef = 089748951DB709A7009F5469 /* SimpleWebLauncher.app */; };
/* End PBXBuildFile section */

/* Begin PBXFileReference section */
		089748601DB70448009F5469 /* FluidTwo.app */ = {isa = PBXFileReference; explicitFileType = wrapper.application; includeInIndex = 0; path = FluidTwo.app; sourceTree = BUILT_PRODUCTS_DIR; };
		089748631DB70448009F5469 /* AppDelegate.h */ = {isa = PBXFileReference; lastKnownFileType = sourcecode.c.h; path = AppDelegate.h; sourceTree = "<group>"; };
		089748641DB70448009F5469 /* AppDelegate.m */ = {isa = PBXFileReference; lastKnownFileType = sourcecode.c.objc; path = AppDelegate.m; sourceTree = "<group>"; };
		089748671DB70448009F5469 /* main.m */ = {isa = PBXFileReference; lastKnownFileType = sourcecode.c.objc; path = main.m; sourceTree = "<group>"; };
		089748691DB70448009F5469 /* Assets.xcassets */ = {isa = PBXFileReference; lastKnownFileType = folder.assetcatalog; path = Assets.xcassets; sourceTree = "<group>"; };
		0897486C1DB70448009F5469 /* Base */ = {isa = PBXFileReference; lastKnownFileType = file.xib; name = Base; path = Base.lproj/MainMenu.xib; sourceTree = "<group>"; };
		0897486E1DB70448009F5469 /* Info.plist */ = {isa = PBXFileReference; lastKnownFileType = text.plist.xml; path = Info.plist; sourceTree = "<group>"; };
		089748951DB709A7009F5469 /* SimpleWebLauncher.app */ = {isa = PBXFileReference; lastKnownFileType = wrapper.application; path = SimpleWebLauncher.app; sourceTree = "<group>"; };
/* End PBXFileReference section */

/* Begin PBXFrameworksBuildPhase section */
		0897485D1DB70448009F5469 /* Frameworks */ = {
			isa = PBXFrameworksBuildPhase;
			buildActionMask = 2147483647;
			files = (
			);
			runOnlyForDeploymentPostprocessing = 0;
		};
/* End PBXFrameworksBuildPhase section */

/* Begin PBXGroup section */
		089748571DB70448009F5469 = {
			isa = PBXGroup;
			children = (
				089748621DB70448009F5469 /* FluidTwo */,
				089748611DB70448009F5469 /* Products */,
			);
			sourceTree = "<group>";
		};
		089748611DB70448009F5469 /* Products */ = {
			isa = PBXGroup;
			children = (
				089748601DB70448009F5469 /* FluidTwo.app */,
			);
			name = Products;
			sourceTree = "<group>";
		};
		089748621DB70448009F5469 /* FluidTwo */ = {
			isa = PBXGroup;
			children = (
				089748631DB70448009F5469 /* AppDelegate.h */,
				089748641DB70448009F5469 /* AppDelegate.m */,
				089748691DB70448009F5469 /* Assets.xcassets */,
				0897486B1DB70448009F5469 /* MainMenu.xib */,
				0897486E1DB70448009F5469 /* Info.plist */,
				089748661DB70448009F5469 /* Supporting Files */,
			);
			path = FluidTwo;
			sourceTree = "<group>";
		};
		089748661DB70448009F5469 /* Supporting Files */ = {
			isa = PBXGroup;
			children = (
				089748951DB709A7009F5469 /* SimpleWebLauncher.app */,
				089748671DB70448009F5469 /* main.m */,
			);
			name = "Supporting Files";
			sourceTree = "<group>";
		};
/* End PBXGroup section */

/* Begin PBXNativeTarget section */
		0897485F1DB70448009F5469 /* FluidTwo */ = {
			isa = PBXNativeTarget;
			buildConfigurationList = 089748711DB70448009F5469 /* Build configuration list for PBXNativeTarget "FluidTwo" */;
			buildPhases = (
				0897485C1DB70448009F5469 /* Sources */,
				0897485D1DB70448009F5469 /* Frameworks */,
				0897485E1DB70448009F5469 /* Resources */,
			);
			buildRules = (
			);
			dependencies = (
			);
			name = FluidTwo;
			productName = FluidTwo;
			productReference = 089748601DB70448009F5469 /* FluidTwo.app */;
			productType = "com.apple.product-type.application";
		};
/* End PBXNativeTarget section */

/* Begin PBXProject section */
		089748581DB70448009F5469 /* Project object */ = {
			isa = PBXProject;
			attributes = {
				LastUpgradeCheck = 0730;
				ORGANIZATIONNAME = "Girlfriends Labs";
				TargetAttributes = {
					0897485F1DB70448009F5469 = {
						CreatedOnToolsVersion = 7.3.1;
					};
				};
			};
			buildConfigurationList = 0897485B1DB70448009F5469 /* Build configuration list for PBXProject "FluidTwo" */;
			compatibilityVersion = "Xcode 3.2";
			developmentRegion = English;
			hasScannedForEncodings = 0;
			knownRegions = (
				en,
				Base,
			);
			mainGroup = 089748571DB70448009F5469;
			productRefGroup = 089748611DB70448009F5469 /* Products */;
			projectDirPath = "";
			projectRoot = "";
			targets = (
				0897485F1DB70448009F5469 /* FluidTwo */,
			);
		};
/* End PBXProject section */

/* Begin PBXResourcesBuildPhase section */
		0897485E1DB70448009F5469 /* Resources */ = {
			isa = PBXResourcesBuildPhase;
			buildActionMask = 2147483647;
			files = (
				089748961DB709A7009F5469 /* SimpleWebLauncher.app in Resources */,
				0897486A1DB70448009F5469 /* Assets.xcassets in Resources */,
				0897486D1DB70448009F5469 /* MainMenu.xib in Resources */,
			);
			runOnlyForDeploymentPostprocessing = 0;
		};
/* End PBXResourcesBuildPhase section */

/* Begin PBXSourcesBuildPhase section */
		0897485C1DB70448009F5469 /* Sources */ = {
			isa = PBXSourcesBuildPhase;
			buildActionMask = 2147483647;
			files = (
				089748681DB70448009F5469 /* main.m in Sources */,
				089748651DB70448009F5469 /* AppDelegate.m in Sources */,
			);
			runOnlyForDeploymentPostprocessing = 0;
		};
/* End PBXSourcesBuildPhase section */

/* Begin PBXVariantGroup section */
		0897486B1DB70448009F5469 /* MainMenu.xib */ = {
			isa = PBXVariantGroup;
			children = (
				0897486C1DB70448009F5469 /* Base */,
			);
			name = MainMenu.xib;
			sourceTree = "<group>";
		};
/* End PBXVariantGroup section */

/* Begin XCBuildConfiguration section */
		0897486F1DB70448009F5469 /* Debug */ = {
			isa = XCBuildConfiguration;
			buildSettings = {
				ALWAYS_SEARCH_USER_PATHS = NO;
				CLANG_ANALYZER_NONNULL = YES;
				CLANG_CXX_LANGUAGE_STANDARD = "gnu++0x";
				CLANG_CXX_LIBRARY = "libc++";
				CLANG_ENABLE_MODULES = YES;
				CLANG_ENABLE_OBJC_ARC = YES;
				CLANG_WARN_BOOL_CONVERSION = YES;
				CLANG_WARN_CONSTANT_CONVERSION = YES;
				CLANG_WARN_DIRECT_OBJC_ISA_USAGE = YES_ERROR;
				CLANG_WARN_EMPTY_BODY = YES;
				CLANG_WARN_ENUM_CONVERSION = YES;
				CLANG_WARN_INT_CONVERSION = YES;
				CLANG_WARN_OBJC_ROOT_CLASS = YES_ERROR;
				CLANG_WARN_UNREACHABLE_CODE = YES;
				CLANG_WARN__DUPLICATE_METHOD_MATCH = YES;
				CODE_SIGN_IDENTITY = "-";
				COPY_PHASE_STRIP = NO;
				DEBUG_INFORMATION_FORMAT = dwarf;
				ENABLE_STRICT_OBJC_MSGSEND = YES;
				ENABLE_TESTABILITY = YES;
				GCC_C_LANGUAGE_STANDARD = gnu99;
				GCC_DYNAMIC_NO_PIC = NO;
				GCC_NO_COMMON_BLOCKS = YES;
				GCC_OPTIMIZATION_LEVEL = 0;
				GCC_PREPROCESSOR_DEFINITIONS = (
					"DEBUG=1",
					"$(inherited)",
				);
				GCC_WARN_64_TO_32_BIT_CONVERSION = YES;
				GCC_WARN_ABOUT_RETURN_TYPE = YES_ERROR;
				GCC_WARN_UNDECLARED_SELECTOR = YES;
				GCC_WARN_UNINITIALIZED_AUTOS = YES_AGGRESSIVE;
				GCC_WARN_UNUSED_FUNCTION = YES;
				GCC_WARN_UNUSED_VARIABLE = YES;
				MACOSX_DEPLOYMENT_TARGET = 10.11;
				MTL_ENABLE_DEBUG_INFO = YES;
				ONLY_ACTIVE_ARCH = YES;
				SDKROOT = macosx;
			};
			name = Debug;
		};
		089748701DB70448009F5469 /* Release */ = {
			isa = XCBuildConfiguration;
			buildSettings = {
				ALWAYS_SEARCH_USER_PATHS = NO;
				CLANG_ANALYZER_NONNULL = YES;
				CLANG_CXX_LANGUAGE_STANDARD = "gnu++0x";
				CLANG_CXX_LIBRARY = "libc++";
				CLANG_ENABLE_MODULES = YES;
				CLANG_ENABLE_OBJC_ARC = YES;
				CLANG_WARN_BOOL_CONVERSION = YES;
				CLANG_WARN_CONSTANT_CONVERSION = YES;
				CLANG_WARN_DIRECT_OBJC_ISA_USAGE = YES_ERROR;
				CLANG_WARN_EMPTY_BODY = YES;
				CLANG_WARN_ENUM_CONVERSION = YES;
				CLANG_WARN_INT_CONVERSION = YES;
				CLANG_WARN_OBJC_ROOT_CLASS = YES_ERROR;
				CLANG_WARN_UNREACHABLE_CODE = YES;
				CLANG_WARN__DUPLICATE_METHOD_MATCH = YES;
				CODE_SIGN_IDENTITY = "-";
				COPY_PHASE_STRIP = NO;
				DEBUG_INFORMATION_FORMAT = "dwarf-with-dsym";
				ENABLE_NS_ASSERTIONS = NO;
				ENABLE_STRICT_OBJC_MSGSEND = YES;
				GCC_C_LANGUAGE_STANDARD = gnu99;
				GCC_NO_COMMON_BLOCKS = YES;
				GCC_WARN_64_TO_32_BIT_CONVERSION = YES;
				GCC_WARN_ABOUT_RETURN_TYPE = YES_ERROR;
				GCC_WARN_UNDECLARED_SELECTOR = YES;
				GCC_WARN_UNINITIALIZED_AUTOS = YES_AGGRESSIVE;
				GCC_WARN_UNUSED_FUNCTION = YES;
				GCC_WARN_UNUSED_VARIABLE = YES;
				MACOSX_DEPLOYMENT_TARGET = 10.11;
				MTL_ENABLE_DEBUG_INFO = NO;
				SDKROOT = macosx;
			};
			name = Release;
		};
		089748721DB70448009F5469 /* Debug */ = {
			isa = XCBuildConfiguration;
			buildSettings = {
				ASSETCATALOG_COMPILER_APPICON_NAME = AppIcon;
				COMBINE_HIDPI_IMAGES = YES;
				INFOPLIST_FILE = FluidTwo/Info.plist;
				LD_RUNPATH_SEARCH_PATHS = "$(inherited) @executable_path/../Frameworks";
				PRODUCT_BUNDLE_IDENTIFIER = com.girlfriendslabs.FluidTwo;
				PRODUCT_NAME = "$(TARGET_NAME)";
			};
			name = Debug;
		};
		089748731DB70448009F5469 /* Release */ = {
			isa = XCBuildConfiguration;
			buildSettings = {
				ASSETCATALOG_COMPILER_APPICON_NAME = AppIcon;
				COMBINE_HIDPI_IMAGES = YES;
				INFOPLIST_FILE = FluidTwo/Info.plist;
				LD_RUNPATH_SEARCH_PATHS = "$(inherited) @executable_path/../Frameworks";
				PRODUCT_BUNDLE_IDENTIFIER = com.girlfriendslabs.FluidTwo;
				PRODUCT_NAME = "$(TARGET_NAME)";
			};
			name = Release;
		};
/* End XCBuildConfiguration section */

/* Begin XCConfigurationList section */
		0897485B1DB70448009F5469 /* Build configuration list for PBXProject "FluidTwo" */ = {
			isa = XCConfigurationList;
			buildConfigurations = (
				0897486F1DB70448009F5469 /* Debug */,
				089748701DB70448009F5469 /* Release */,
			);
			defaultConfigurationIsVisible = 0;
			defaultConfigurationName = Release;
		};
		089748711DB70448009F5469 /* Build configuration list for PBXNativeTarget "FluidTwo" */ = {
			isa = XCConfigurationList;
			buildConfigurations = (
				089748721DB70448009F5469 /* Debug */,
				089748731DB70448009F5469 /* Release */,
			);
			defaultConfigurationIsVisible = 0;
		};
/* End XCConfigurationList section */
	};
	rootObject = 089748581DB70448009F5469 /* Project object */;
}
